// !$*UTF8*$!
{
	archiveVersion = 1;
	classes = {
	};
	objectVersion = 46;
	objects = {

/* Begin PBXBuildFile section */
		CE46F21E1C2964FE00E6874C /* AnimViewController.m in Sources */ = {isa = PBXBuildFile; fileRef = CE46F21C1C2964FE00E6874C /* AnimViewController.m */; };
		CE46F21F1C2964FE00E6874C /* AnimViewController.xib in Resources */ = {isa = PBXBuildFile; fileRef = CE46F21D1C2964FE00E6874C /* AnimViewController.xib */; };
		CE46F2231C29651800E6874C /* GCMessageDetailView.m in Sources */ = {isa = PBXBuildFile; fileRef = CE46F2211C29651800E6874C /* GCMessageDetailView.m */; };
		CE46F2241C29651800E6874C /* GCMessageDetailView.xib in Resources */ = {isa = PBXBuildFile; fileRef = CE46F2221C29651800E6874C /* GCMessageDetailView.xib */; };
		CE7EA1491C48D2BB00064A6A /* PopUpBox.m in Sources */ = {isa = PBXBuildFile; fileRef = CE7EA1481C48D2BB00064A6A /* PopUpBox.m */; };
		CE7EA14C1C48D4BB00064A6A /* PopUpBoxItem.m in Sources */ = {isa = PBXBuildFile; fileRef = CE7EA14B1C48D4BB00064A6A /* PopUpBoxItem.m */; };
		CE7EA1501C48F4D800064A6A /* PopUpCell.m in Sources */ = {isa = PBXBuildFile; fileRef = CE7EA14E1C48F4D800064A6A /* PopUpCell.m */; };
		CE7EA1511C48F4D800064A6A /* PopUpCell.xib in Resources */ = {isa = PBXBuildFile; fileRef = CE7EA14F1C48F4D800064A6A /* PopUpCell.xib */; };
		CE7EA1551C48F7A000064A6A /* PopUpTestVCTL.m in Sources */ = {isa = PBXBuildFile; fileRef = CE7EA1531C48F7A000064A6A /* PopUpTestVCTL.m */; };
		CE7EA1561C48F7A000064A6A /* PopUpTestVCTL.xib in Resources */ = {isa = PBXBuildFile; fileRef = CE7EA1541C48F7A000064A6A /* PopUpTestVCTL.xib */; };
		CE8B03F61C476E0F00F6AD9F /* SearchVCTLViewController.m in Sources */ = {isa = PBXBuildFile; fileRef = CE8B03F41C476E0F00F6AD9F /* SearchVCTLViewController.m */; };
		CE8B03F71C476E0F00F6AD9F /* SearchVCTLViewController.xib in Resources */ = {isa = PBXBuildFile; fileRef = CE8B03F51C476E0F00F6AD9F /* SearchVCTLViewController.xib */; };
		CE8B03FA1C47924A00F6AD9F /* SearchTableViewController.m in Sources */ = {isa = PBXBuildFile; fileRef = CE8B03F91C47924A00F6AD9F /* SearchTableViewController.m */; };
		CE8B03FC1C4794B400F6AD9F /* SearchTableViewController.xib in Resources */ = {isa = PBXBuildFile; fileRef = CE8B03FB1C4794B400F6AD9F /* SearchTableViewController.xib */; };
		CE8E46061C34F7EF001D79FA /* TestRunLoopVCTL.m in Sources */ = {isa = PBXBuildFile; fileRef = CE8E46041C34F7EF001D79FA /* TestRunLoopVCTL.m */; };
		CE8E46071C34F7EF001D79FA /* TestRunLoopVCTL.xib in Resources */ = {isa = PBXBuildFile; fileRef = CE8E46051C34F7EF001D79FA /* TestRunLoopVCTL.xib */; };
		CE8E460A1C34FE38001D79FA /* RunLoopTask.m in Sources */ = {isa = PBXBuildFile; fileRef = CE8E46091C34FE38001D79FA /* RunLoopTask.m */; };
		CE903E6D1C3B6D77008D8163 /* CollectiveViewTests.m in Sources */ = {isa = PBXBuildFile; fileRef = CE903E6C1C3B6D77008D8163 /* CollectiveViewTests.m */; };
		CE941C591C23D71900A24768 /* BlockBackground.m in Sources */ = {isa = PBXBuildFile; fileRef = CE941C581C23D71900A24768 /* BlockBackground.m */; };
		CE941C5C1C23D92C00A24768 /* BlockAlertView.m in Sources */ = {isa = PBXBuildFile; fileRef = CE941C5B1C23D92C00A24768 /* BlockAlertView.m */; };
		CE963A911C1FF6D1009E5A33 /* main.m in Sources */ = {isa = PBXBuildFile; fileRef = CE963A901C1FF6D1009E5A33 /* main.m */; };
		CE963A941C1FF6D1009E5A33 /* AppDelegate.m in Sources */ = {isa = PBXBuildFile; fileRef = CE963A931C1FF6D1009E5A33 /* AppDelegate.m */; };
		CE963A971C1FF6D1009E5A33 /* ViewController.m in Sources */ = {isa = PBXBuildFile; fileRef = CE963A961C1FF6D1009E5A33 /* ViewController.m */; };
		CE963A9A1C1FF6D1009E5A33 /* Main.storyboard in Resources */ = {isa = PBXBuildFile; fileRef = CE963A981C1FF6D1009E5A33 /* Main.storyboard */; };
		CE963A9C1C1FF6D1009E5A33 /* Assets.xcassets in Resources */ = {isa = PBXBuildFile; fileRef = CE963A9B1C1FF6D1009E5A33 /* Assets.xcassets */; };
		CE963A9F1C1FF6D1009E5A33 /* LaunchScreen.storyboard in Resources */ = {isa = PBXBuildFile; fileRef = CE963A9D1C1FF6D1009E5A33 /* LaunchScreen.storyboard */; };
		CE963AA71C1FF6EE009E5A33 /* GCGiftView.xib in Resources */ = {isa = PBXBuildFile; fileRef = CE963AA61C1FF6EE009E5A33 /* GCGiftView.xib */; };
		CE963AAA1C1FF716009E5A33 /* GCGiftView.m in Sources */ = {isa = PBXBuildFile; fileRef = CE963AA91C1FF716009E5A33 /* GCGiftView.m */; };
		CE963AAE1C1FFEBE009E5A33 /* GCGiftCollectCell.m in Sources */ = {isa = PBXBuildFile; fileRef = CE963AAC1C1FFEBE009E5A33 /* GCGiftCollectCell.m */; };
		CE963AAF1C1FFEBE009E5A33 /* GCGiftCollectCell.xib in Resources */ = {isa = PBXBuildFile; fileRef = CE963AAD1C1FFEBE009E5A33 /* GCGiftCollectCell.xib */; };
		CEA08AE21C27DE8100342B1D /* TableController.m in Sources */ = {isa = PBXBuildFile; fileRef = CEA08AE01C27DE8100342B1D /* TableController.m */; };
		CEA08AE31C27DE8100342B1D /* TableController.xib in Resources */ = {isa = PBXBuildFile; fileRef = CEA08AE11C27DE8100342B1D /* TableController.xib */; };
		CEA3F7601C3F8702002841D0 /* JavaScriptCore.framework in Frameworks */ = {isa = PBXBuildFile; fileRef = CEA3F75F1C3F8702002841D0 /* JavaScriptCore.framework */; };
		CEA3F7631C3F8758002841D0 /* OCCallJavaScript.m in Sources */ = {isa = PBXBuildFile; fileRef = CEA3F7621C3F8758002841D0 /* OCCallJavaScript.m */; };
		CEA3F7651C3F8767002841D0 /* OCCallJavaScript.xib in Resources */ = {isa = PBXBuildFile; fileRef = CEA3F7641C3F8767002841D0 /* OCCallJavaScript.xib */; };
		CEAC91CB1C44E06500D2CBDB /* GCBackGroundMusicVCTL.m in Sources */ = {isa = PBXBuildFile; fileRef = CEAC91C91C44E06500D2CBDB /* GCBackGroundMusicVCTL.m */; };
		CEAC91CC1C44E06500D2CBDB /* GCBackGroundMusicVCTL.xib in Resources */ = {isa = PBXBuildFile; fileRef = CEAC91CA1C44E06500D2CBDB /* GCBackGroundMusicVCTL.xib */; };
		CEAC91CE1C44E1A600D2CBDB /* GCSectionHeaderView.m in Sources */ = {isa = PBXBuildFile; fileRef = CEAC91CD1C44E1A600D2CBDB /* GCSectionHeaderView.m */; settings = {COMPILER_FLAGS = "-fno-objc-arc"; }; };
		CEAC91D21C44E1E400D2CBDB /* Utilities.m in Sources */ = {isa = PBXBuildFile; fileRef = CEAC91D11C44E1E400D2CBDB /* Utilities.m */; settings = {COMPILER_FLAGS = "-fno-objc-arc"; }; };
		CEAC91D51C44E1F900D2CBDB /* NSDate+TomAddition.m in Sources */ = {isa = PBXBuildFile; fileRef = CEAC91D41C44E1F900D2CBDB /* NSDate+TomAddition.m */; settings = {COMPILER_FLAGS = "-fno-objc-arc"; }; };
		CEAC91D81C44E20C00D2CBDB /* NSString+TomAddition.m in Sources */ = {isa = PBXBuildFile; fileRef = CEAC91D71C44E20C00D2CBDB /* NSString+TomAddition.m */; settings = {COMPILER_FLAGS = "-fno-objc-arc"; }; };
		CEAC91DB1C44E21300D2CBDB /* NSString+MD5Addition.m in Sources */ = {isa = PBXBuildFile; fileRef = CEAC91DA1C44E21300D2CBDB /* NSString+MD5Addition.m */; settings = {COMPILER_FLAGS = "-fno-objc-arc"; }; };
		CEAC91E01C45016100D2CBDB /* GCQinTingLogView.m in Sources */ = {isa = PBXBuildFile; fileRef = CEAC91DF1C45016100D2CBDB /* GCQinTingLogView.m */; };
		CEAC91E21C45016B00D2CBDB /* GCQinTingLogView.xib in Resources */ = {isa = PBXBuildFile; fileRef = CEAC91E11C45016B00D2CBDB /* GCQinTingLogView.xib */; };
		CEB8C0621C3A89640010110E /* UICopyLabel.m in Sources */ = {isa = PBXBuildFile; fileRef = CEB8C0611C3A89640010110E /* UICopyLabel.m */; };
		CEDA0AE01C2A9E0C00A25E20 /* CollectiveViewUITests.m in Sources */ = {isa = PBXBuildFile; fileRef = CEDA0ADF1C2A9E0C00A25E20 /* CollectiveViewUITests.m */; };
/* End PBXBuildFile section */

/* Begin PBXContainerItemProxy section */
		CE903E6F1C3B6D77008D8163 /* PBXContainerItemProxy */ = {
			isa = PBXContainerItemProxy;
			containerPortal = CE963A841C1FF6D1009E5A33 /* Project object */;
			proxyType = 1;
			remoteGlobalIDString = CE963A8B1C1FF6D1009E5A33;
			remoteInfo = CollectiveView;
		};
		CEDA0AE21C2A9E0C00A25E20 /* PBXContainerItemProxy */ = {
			isa = PBXContainerItemProxy;
			containerPortal = CE963A841C1FF6D1009E5A33 /* Project object */;
			proxyType = 1;
			remoteGlobalIDString = CE963A8B1C1FF6D1009E5A33;
			remoteInfo = CollectiveView;
		};
/* End PBXContainerItemProxy section */

/* Begin PBXFileReference section */
		CE17C1571C43935100CAF3C5 /* Persion.h */ = {isa = PBXFileReference; fileEncoding = 4; lastKnownFileType = sourcecode.c.h; path = Persion.h; sourceTree = "<group>"; };
		CE17C1581C43935100CAF3C5 /* Persion.m */ = {isa = PBXFileReference; fileEncoding = 4; lastKnownFileType = sourcecode.c.objc; path = Persion.m; sourceTree = "<group>"; };
		CE46F21B1C2964FE00E6874C /* AnimViewController.h */ = {isa = PBXFileReference; fileEncoding = 4; lastKnownFileType = sourcecode.c.h; path = AnimViewController.h; sourceTree = "<group>"; };
		CE46F21C1C2964FE00E6874C /* AnimViewController.m */ = {isa = PBXFileReference; fileEncoding = 4; lastKnownFileType = sourcecode.c.objc; path = AnimViewController.m; sourceTree = "<group>"; };
		CE46F21D1C2964FE00E6874C /* AnimViewController.xib */ = {isa = PBXFileReference; fileEncoding = 4; lastKnownFileType = file.xib; path = AnimViewController.xib; sourceTree = "<group>"; };
		CE46F2201C29651800E6874C /* GCMessageDetailView.h */ = {isa = PBXFileReference; fileEncoding = 4; lastKnownFileType = sourcecode.c.h; path = GCMessageDetailView.h; sourceTree = "<group>"; };
		CE46F2211C29651800E6874C /* GCMessageDetailView.m */ = {isa = PBXFileReference; fileEncoding = 4; lastKnownFileType = sourcecode.c.objc; path = GCMessageDetailView.m; sourceTree = "<group>"; };
		CE46F2221C29651800E6874C /* GCMessageDetailView.xib */ = {isa = PBXFileReference; fileEncoding = 4; lastKnownFileType = file.xib; path = GCMessageDetailView.xib; sourceTree = "<group>"; };
		CE7EA1471C48D2BB00064A6A /* PopUpBox.h */ = {isa = PBXFileReference; fileEncoding = 4; lastKnownFileType = sourcecode.c.h; path = PopUpBox.h; sourceTree = "<group>"; };
		CE7EA1481C48D2BB00064A6A /* PopUpBox.m */ = {isa = PBXFileReference; fileEncoding = 4; lastKnownFileType = sourcecode.c.objc; path = PopUpBox.m; sourceTree = "<group>"; };
		CE7EA14A1C48D4BB00064A6A /* PopUpBoxItem.h */ = {isa = PBXFileReference; fileEncoding = 4; lastKnownFileType = sourcecode.c.h; path = PopUpBoxItem.h; sourceTree = "<group>"; };
		CE7EA14B1C48D4BB00064A6A /* PopUpBoxItem.m */ = {isa = PBXFileReference; fileEncoding = 4; lastKnownFileType = sourcecode.c.objc; path = PopUpBoxItem.m; sourceTree = "<group>"; };
		CE7EA14D1C48F4D800064A6A /* PopUpCell.h */ = {isa = PBXFileReference; fileEncoding = 4; lastKnownFileType = sourcecode.c.h; path = PopUpCell.h; sourceTree = "<group>"; };
		CE7EA14E1C48F4D800064A6A /* PopUpCell.m */ = {isa = PBXFileReference; fileEncoding = 4; lastKnownFileType = sourcecode.c.objc; path = PopUpCell.m; sourceTree = "<group>"; };
		CE7EA14F1C48F4D800064A6A /* PopUpCell.xib */ = {isa = PBXFileReference; fileEncoding = 4; lastKnownFileType = file.xib; path = PopUpCell.xib; sourceTree = "<group>"; };
		CE7EA1521C48F7A000064A6A /* PopUpTestVCTL.h */ = {isa = PBXFileReference; fileEncoding = 4; lastKnownFileType = sourcecode.c.h; path = PopUpTestVCTL.h; sourceTree = "<group>"; };
		CE7EA1531C48F7A000064A6A /* PopUpTestVCTL.m */ = {isa = PBXFileReference; fileEncoding = 4; lastKnownFileType = sourcecode.c.objc; path = PopUpTestVCTL.m; sourceTree = "<group>"; };
		CE7EA1541C48F7A000064A6A /* PopUpTestVCTL.xib */ = {isa = PBXFileReference; fileEncoding = 4; lastKnownFileType = file.xib; path = PopUpTestVCTL.xib; sourceTree = "<group>"; };
		CE8B03F31C476E0F00F6AD9F /* SearchVCTLViewController.h */ = {isa = PBXFileReference; fileEncoding = 4; lastKnownFileType = sourcecode.c.h; path = SearchVCTLViewController.h; sourceTree = "<group>"; };
		CE8B03F41C476E0F00F6AD9F /* SearchVCTLViewController.m */ = {isa = PBXFileReference; fileEncoding = 4; lastKnownFileType = sourcecode.c.objc; path = SearchVCTLViewController.m; sourceTree = "<group>"; };
		CE8B03F51C476E0F00F6AD9F /* SearchVCTLViewController.xib */ = {isa = PBXFileReference; fileEncoding = 4; lastKnownFileType = file.xib; path = SearchVCTLViewController.xib; sourceTree = "<group>"; };
		CE8B03F81C47924A00F6AD9F /* SearchTableViewController.h */ = {isa = PBXFileReference; fileEncoding = 4; lastKnownFileType = sourcecode.c.h; path = SearchTableViewController.h; sourceTree = "<group>"; };
		CE8B03F91C47924A00F6AD9F /* SearchTableViewController.m */ = {isa = PBXFileReference; fileEncoding = 4; lastKnownFileType = sourcecode.c.objc; path = SearchTableViewController.m; sourceTree = "<group>"; };
		CE8B03FB1C4794B400F6AD9F /* SearchTableViewController.xib */ = {isa = PBXFileReference; fileEncoding = 4; lastKnownFileType = file.xib; path = SearchTableViewController.xib; sourceTree = "<group>"; };
		CE8E46031C34F7EF001D79FA /* TestRunLoopVCTL.h */ = {isa = PBXFileReference; fileEncoding = 4; lastKnownFileType = sourcecode.c.h; path = TestRunLoopVCTL.h; sourceTree = "<group>"; };
		CE8E46041C34F7EF001D79FA /* TestRunLoopVCTL.m */ = {isa = PBXFileReference; fileEncoding = 4; lastKnownFileType = sourcecode.c.objc; path = TestRunLoopVCTL.m; sourceTree = "<group>"; };
		CE8E46051C34F7EF001D79FA /* TestRunLoopVCTL.xib */ = {isa = PBXFileReference; fileEncoding = 4; lastKnownFileType = file.xib; path = TestRunLoopVCTL.xib; sourceTree = "<group>"; };
		CE8E46081C34FE38001D79FA /* RunLoopTask.h */ = {isa = PBXFileReference; fileEncoding = 4; lastKnownFileType = sourcecode.c.h; path = RunLoopTask.h; sourceTree = "<group>"; };
		CE8E46091C34FE38001D79FA /* RunLoopTask.m */ = {isa = PBXFileReference; fileEncoding = 4; lastKnownFileType = sourcecode.c.objc; path = RunLoopTask.m; sourceTree = "<group>"; };
		CE903E6A1C3B6D77008D8163 /* CollectiveViewTests.xctest */ = {isa = PBXFileReference; explicitFileType = wrapper.cfbundle; includeInIndex = 0; path = CollectiveViewTests.xctest; sourceTree = BUILT_PRODUCTS_DIR; };
		CE903E6C1C3B6D77008D8163 /* CollectiveViewTests.m */ = {isa = PBXFileReference; lastKnownFileType = sourcecode.c.objc; path = CollectiveViewTests.m; sourceTree = "<group>"; };
		CE903E6E1C3B6D77008D8163 /* Info.plist */ = {isa = PBXFileReference; lastKnownFileType = text.plist.xml; path = Info.plist; sourceTree = "<group>"; };
		CE941C571C23D71900A24768 /* BlockBackground.h */ = {isa = PBXFileReference; fileEncoding = 4; lastKnownFileType = sourcecode.c.h; path = BlockBackground.h; sourceTree = "<group>"; };
		CE941C581C23D71900A24768 /* BlockBackground.m */ = {isa = PBXFileReference; fileEncoding = 4; lastKnownFileType = sourcecode.c.objc; path = BlockBackground.m; sourceTree = "<group>"; };
		CE941C5A1C23D92C00A24768 /* BlockAlertView.h */ = {isa = PBXFileReference; fileEncoding = 4; lastKnownFileType = sourcecode.c.h; path = BlockAlertView.h; sourceTree = "<group>"; };
		CE941C5B1C23D92C00A24768 /* BlockAlertView.m */ = {isa = PBXFileReference; fileEncoding = 4; lastKnownFileType = sourcecode.c.objc; path = BlockAlertView.m; sourceTree = "<group>"; };
		CE941C5D1C23D9D000A24768 /* BlockUI.h */ = {isa = PBXFileReference; lastKnownFileType = sourcecode.c.h; path = BlockUI.h; sourceTree = "<group>"; };
		CE941C5E1C23DA3900A24768 /* BlockUI_nova.h */ = {isa = PBXFileReference; lastKnownFileType = sourcecode.c.h; path = BlockUI_nova.h; sourceTree = "<group>"; };
		CE941C5F1C23DC3B00A24768 /* Macros.h */ = {isa = PBXFileReference; lastKnownFileType = sourcecode.c.h; path = Macros.h; sourceTree = "<group>"; };
		CE963A8C1C1FF6D1009E5A33 /* CollectiveView.app */ = {isa = PBXFileReference; explicitFileType = wrapper.application; includeInIndex = 0; path = CollectiveView.app; sourceTree = BUILT_PRODUCTS_DIR; };
		CE963A901C1FF6D1009E5A33 /* main.m */ = {isa = PBXFileReference; lastKnownFileType = sourcecode.c.objc; path = main.m; sourceTree = "<group>"; };
		CE963A921C1FF6D1009E5A33 /* AppDelegate.h */ = {isa = PBXFileReference; lastKnownFileType = sourcecode.c.h; path = AppDelegate.h; sourceTree = "<group>"; };
		CE963A931C1FF6D1009E5A33 /* AppDelegate.m */ = {isa = PBXFileReference; lastKnownFileType = sourcecode.c.objc; path = AppDelegate.m; sourceTree = "<group>"; };
		CE963A951C1FF6D1009E5A33 /* ViewController.h */ = {isa = PBXFileReference; lastKnownFileType = sourcecode.c.h; path = ViewController.h; sourceTree = "<group>"; };
		CE963A961C1FF6D1009E5A33 /* ViewController.m */ = {isa = PBXFileReference; lastKnownFileType = sourcecode.c.objc; path = ViewController.m; sourceTree = "<group>"; };
		CE963A991C1FF6D1009E5A33 /* Base */ = {isa = PBXFileReference; lastKnownFileType = file.storyboard; name = Base; path = Base.lproj/Main.storyboard; sourceTree = "<group>"; };
		CE963A9B1C1FF6D1009E5A33 /* Assets.xcassets */ = {isa = PBXFileReference; lastKnownFileType = folder.assetcatalog; path = Assets.xcassets; sourceTree = "<group>"; };
		CE963A9E1C1FF6D1009E5A33 /* Base */ = {isa = PBXFileReference; lastKnownFileType = file.storyboard; name = Base; path = Base.lproj/LaunchScreen.storyboard; sourceTree = "<group>"; };
		CE963AA01C1FF6D1009E5A33 /* Info.plist */ = {isa = PBXFileReference; lastKnownFileType = text.plist.xml; path = Info.plist; sourceTree = "<group>"; };
		CE963AA61C1FF6EE009E5A33 /* GCGiftView.xib */ = {isa = PBXFileReference; fileEncoding = 4; lastKnownFileType = file.xib; path = GCGiftView.xib; sourceTree = "<group>"; };
		CE963AA81C1FF716009E5A33 /* GCGiftView.h */ = {isa = PBXFileReference; fileEncoding = 4; lastKnownFileType = sourcecode.c.h; path = GCGiftView.h; sourceTree = "<group>"; };
		CE963AA91C1FF716009E5A33 /* GCGiftView.m */ = {isa = PBXFileReference; fileEncoding = 4; lastKnownFileType = sourcecode.c.objc; path = GCGiftView.m; sourceTree = "<group>"; };
		CE963AAB1C1FFEBE009E5A33 /* GCGiftCollectCell.h */ = {isa = PBXFileReference; fileEncoding = 4; lastKnownFileType = sourcecode.c.h; path = GCGiftCollectCell.h; sourceTree = "<group>"; };
		CE963AAC1C1FFEBE009E5A33 /* GCGiftCollectCell.m */ = {isa = PBXFileReference; fileEncoding = 4; lastKnownFileType = sourcecode.c.objc; path = GCGiftCollectCell.m; sourceTree = "<group>"; };
		CE963AAD1C1FFEBE009E5A33 /* GCGiftCollectCell.xib */ = {isa = PBXFileReference; fileEncoding = 4; lastKnownFileType = file.xib; path = GCGiftCollectCell.xib; sourceTree = "<group>"; };
		CEA08ADF1C27DE8100342B1D /* TableController.h */ = {isa = PBXFileReference; fileEncoding = 4; lastKnownFileType = sourcecode.c.h; path = TableController.h; sourceTree = "<group>"; };
		CEA08AE01C27DE8100342B1D /* TableController.m */ = {isa = PBXFileReference; fileEncoding = 4; lastKnownFileType = sourcecode.c.objc; path = TableController.m; sourceTree = "<group>"; };
		CEA08AE11C27DE8100342B1D /* TableController.xib */ = {isa = PBXFileReference; fileEncoding = 4; lastKnownFileType = file.xib; path = TableController.xib; sourceTree = "<group>"; };
		CEA3F75F1C3F8702002841D0 /* JavaScriptCore.framework */ = {isa = PBXFileReference; lastKnownFileType = wrapper.framework; name = JavaScriptCore.framework; path = System/Library/Frameworks/JavaScriptCore.framework; sourceTree = SDKROOT; };
		CEA3F7611C3F8758002841D0 /* OCCallJavaScript.h */ = {isa = PBXFileReference; fileEncoding = 4; lastKnownFileType = sourcecode.c.h; path = OCCallJavaScript.h; sourceTree = "<group>"; };
		CEA3F7621C3F8758002841D0 /* OCCallJavaScript.m */ = {isa = PBXFileReference; fileEncoding = 4; lastKnownFileType = sourcecode.c.objc; path = OCCallJavaScript.m; sourceTree = "<group>"; };
		CEA3F7641C3F8767002841D0 /* OCCallJavaScript.xib */ = {isa = PBXFileReference; fileEncoding = 4; lastKnownFileType = file.xib; path = OCCallJavaScript.xib; sourceTree = "<group>"; };
		CEAC91C81C44E06500D2CBDB /* GCBackGroundMusicVCTL.h */ = {isa = PBXFileReference; fileEncoding = 4; lastKnownFileType = sourcecode.c.h; path = GCBackGroundMusicVCTL.h; sourceTree = "<group>"; };
		CEAC91C91C44E06500D2CBDB /* GCBackGroundMusicVCTL.m */ = {isa = PBXFileReference; fileEncoding = 4; lastKnownFileType = sourcecode.c.objc; path = GCBackGroundMusicVCTL.m; sourceTree = "<group>"; };
		CEAC91CA1C44E06500D2CBDB /* GCBackGroundMusicVCTL.xib */ = {isa = PBXFileReference; fileEncoding = 4; lastKnownFileType = file.xib; path = GCBackGroundMusicVCTL.xib; sourceTree = "<group>"; };
		CEAC91CD1C44E1A600D2CBDB /* GCSectionHeaderView.m */ = {isa = PBXFileReference; fileEncoding = 4; lastKnownFileType = sourcecode.c.objc; path = GCSectionHeaderView.m; sourceTree = "<group>"; };
		CEAC91CF1C44E1AA00D2CBDB /* GCSectionHeaderView.h */ = {isa = PBXFileReference; lastKnownFileType = sourcecode.c.h; path = GCSectionHeaderView.h; sourceTree = "<group>"; };
		CEAC91D01C44E1E400D2CBDB /* Utilities.h */ = {isa = PBXFileReference; fileEncoding = 4; lastKnownFileType = sourcecode.c.h; path = Utilities.h; sourceTree = "<group>"; };
		CEAC91D11C44E1E400D2CBDB /* Utilities.m */ = {isa = PBXFileReference; fileEncoding = 4; lastKnownFileType = sourcecode.c.objc; path = Utilities.m; sourceTree = "<group>"; };
		CEAC91D31C44E1F900D2CBDB /* NSDate+TomAddition.h */ = {isa = PBXFileReference; fileEncoding = 4; lastKnownFileType = sourcecode.c.h; path = "NSDate+TomAddition.h"; sourceTree = "<group>"; };
		CEAC91D41C44E1F900D2CBDB /* NSDate+TomAddition.m */ = {isa = PBXFileReference; fileEncoding = 4; lastKnownFileType = sourcecode.c.objc; path = "NSDate+TomAddition.m"; sourceTree = "<group>"; };
		CEAC91D61C44E20C00D2CBDB /* NSString+TomAddition.h */ = {isa = PBXFileReference; fileEncoding = 4; lastKnownFileType = sourcecode.c.h; path = "NSString+TomAddition.h"; sourceTree = "<group>"; };
		CEAC91D71C44E20C00D2CBDB /* NSString+TomAddition.m */ = {isa = PBXFileReference; fileEncoding = 4; lastKnownFileType = sourcecode.c.objc; path = "NSString+TomAddition.m"; sourceTree = "<group>"; };
		CEAC91D91C44E21300D2CBDB /* NSString+MD5Addition.h */ = {isa = PBXFileReference; fileEncoding = 4; lastKnownFileType = sourcecode.c.h; path = "NSString+MD5Addition.h"; sourceTree = "<group>"; };
		CEAC91DA1C44E21300D2CBDB /* NSString+MD5Addition.m */ = {isa = PBXFileReference; fileEncoding = 4; lastKnownFileType = sourcecode.c.objc; path = "NSString+MD5Addition.m"; sourceTree = "<group>"; };
		CEAC91DC1C44E22A00D2CBDB /* CommonTypes.h */ = {isa = PBXFileReference; lastKnownFileType = sourcecode.c.h; path = CommonTypes.h; sourceTree = "<group>"; };
		CEAC91DD1C44E2D200D2CBDB /* GCDefines.h */ = {isa = PBXFileReference; lastKnownFileType = sourcecode.c.h; path = GCDefines.h; sourceTree = "<group>"; };
		CEAC91DE1C45016100D2CBDB /* GCQinTingLogView.h */ = {isa = PBXFileReference; fileEncoding = 4; lastKnownFileType = sourcecode.c.h; path = GCQinTingLogView.h; sourceTree = "<group>"; };
		CEAC91DF1C45016100D2CBDB /* GCQinTingLogView.m */ = {isa = PBXFileReference; fileEncoding = 4; lastKnownFileType = sourcecode.c.objc; path = GCQinTingLogView.m; sourceTree = "<group>"; };
		CEAC91E11C45016B00D2CBDB /* GCQinTingLogView.xib */ = {isa = PBXFileReference; fileEncoding = 4; lastKnownFileType = file.xib; path = GCQinTingLogView.xib; sourceTree = "<group>"; };
		CEB8C0601C3A89640010110E /* UICopyLabel.h */ = {isa = PBXFileReference; fileEncoding = 4; lastKnownFileType = sourcecode.c.h; path = UICopyLabel.h; sourceTree = "<group>"; };
		CEB8C0611C3A89640010110E /* UICopyLabel.m */ = {isa = PBXFileReference; fileEncoding = 4; lastKnownFileType = sourcecode.c.objc; path = UICopyLabel.m; sourceTree = "<group>"; };
		CEDA0ADD1C2A9E0B00A25E20 /* CollectiveViewUITests.xctest */ = {isa = PBXFileReference; explicitFileType = wrapper.cfbundle; includeInIndex = 0; path = CollectiveViewUITests.xctest; sourceTree = BUILT_PRODUCTS_DIR; };
		CEDA0ADF1C2A9E0C00A25E20 /* CollectiveViewUITests.m */ = {isa = PBXFileReference; lastKnownFileType = sourcecode.c.objc; path = CollectiveViewUITests.m; sourceTree = "<group>"; };
		CEDA0AE11C2A9E0C00A25E20 /* Info.plist */ = {isa = PBXFileReference; lastKnownFileType = text.plist.xml; path = Info.plist; sourceTree = "<group>"; };
/* End PBXFileReference section */

/* Begin PBXFrameworksBuildPhase section */
		CE903E671C3B6D77008D8163 /* Frameworks */ = {
			isa = PBXFrameworksBuildPhase;
			buildActionMask = 2147483647;
			files = (
				CEA3F7601C3F8702002841D0 /* JavaScriptCore.framework in Frameworks */,
			);
			runOnlyForDeploymentPostprocessing = 0;
		};
		CE963A891C1FF6D1009E5A33 /* Frameworks */ = {
			isa = PBXFrameworksBuildPhase;
			buildActionMask = 2147483647;
			files = (
			);
			runOnlyForDeploymentPostprocessing = 0;
		};
		CEDA0ADA1C2A9E0B00A25E20 /* Frameworks */ = {
			isa = PBXFrameworksBuildPhase;
			buildActionMask = 2147483647;
			files = (
			);
			runOnlyForDeploymentPostprocessing = 0;
		};
/* End PBXFrameworksBuildPhase section */

/* Begin PBXGroup section */
		CE903E6B1C3B6D77008D8163 /* CollectiveViewTests */ = {
			isa = PBXGroup;
			children = (
				CE903E6C1C3B6D77008D8163 /* CollectiveViewTests.m */,
				CE903E6E1C3B6D77008D8163 /* Info.plist */,
			);
			path = CollectiveViewTests;
			sourceTree = "<group>";
		};
		CE963A831C1FF6D1009E5A33 = {
			isa = PBXGroup;
			children = (
				CE7EA1521C48F7A000064A6A /* PopUpTestVCTL.h */,
				CE7EA1531C48F7A000064A6A /* PopUpTestVCTL.m */,
				CE7EA1541C48F7A000064A6A /* PopUpTestVCTL.xib */,
				CE7EA14D1C48F4D800064A6A /* PopUpCell.h */,
				CE7EA14E1C48F4D800064A6A /* PopUpCell.m */,
				CE7EA14F1C48F4D800064A6A /* PopUpCell.xib */,
				CE7EA14A1C48D4BB00064A6A /* PopUpBoxItem.h */,
				CE7EA14B1C48D4BB00064A6A /* PopUpBoxItem.m */,
				CE7EA1471C48D2BB00064A6A /* PopUpBox.h */,
				CE7EA1481C48D2BB00064A6A /* PopUpBox.m */,
				CE8B03FB1C4794B400F6AD9F /* SearchTableViewController.xib */,
				CE8B03F81C47924A00F6AD9F /* SearchTableViewController.h */,
				CE8B03F91C47924A00F6AD9F /* SearchTableViewController.m */,
				CE8B03F31C476E0F00F6AD9F /* SearchVCTLViewController.h */,
				CE8B03F41C476E0F00F6AD9F /* SearchVCTLViewController.m */,
				CE8B03F51C476E0F00F6AD9F /* SearchVCTLViewController.xib */,
				CEAC91E11C45016B00D2CBDB /* GCQinTingLogView.xib */,
				CEAC91DE1C45016100D2CBDB /* GCQinTingLogView.h */,
				CEAC91DF1C45016100D2CBDB /* GCQinTingLogView.m */,
				CEAC91C81C44E06500D2CBDB /* GCBackGroundMusicVCTL.h */,
				CEAC91C91C44E06500D2CBDB /* GCBackGroundMusicVCTL.m */,
				CEAC91CA1C44E06500D2CBDB /* GCBackGroundMusicVCTL.xib */,
				CE17C1571C43935100CAF3C5 /* Persion.h */,
				CE17C1581C43935100CAF3C5 /* Persion.m */,
				CEA3F75F1C3F8702002841D0 /* JavaScriptCore.framework */,
				CE963A8E1C1FF6D1009E5A33 /* CollectiveView */,
				CEDA0ADE1C2A9E0B00A25E20 /* CollectiveViewUITests */,
				CE903E6B1C3B6D77008D8163 /* CollectiveViewTests */,
				CE963A8D1C1FF6D1009E5A33 /* Products */,
			);
			sourceTree = "<group>";
		};
		CE963A8D1C1FF6D1009E5A33 /* Products */ = {
			isa = PBXGroup;
			children = (
				CE963A8C1C1FF6D1009E5A33 /* CollectiveView.app */,
				CEDA0ADD1C2A9E0B00A25E20 /* CollectiveViewUITests.xctest */,
				CE903E6A1C3B6D77008D8163 /* CollectiveViewTests.xctest */,
			);
			name = Products;
			sourceTree = "<group>";
		};
		CE963A8E1C1FF6D1009E5A33 /* CollectiveView */ = {
			isa = PBXGroup;
			children = (
				CEAC91CD1C44E1A600D2CBDB /* GCSectionHeaderView.m */,
				CE46F2201C29651800E6874C /* GCMessageDetailView.h */,
				CEAC91D01C44E1E400D2CBDB /* Utilities.h */,
				CEAC91D11C44E1E400D2CBDB /* Utilities.m */,
				CEAC91DC1C44E22A00D2CBDB /* CommonTypes.h */,
				CEAC91D61C44E20C00D2CBDB /* NSString+TomAddition.h */,
				CEAC91D71C44E20C00D2CBDB /* NSString+TomAddition.m */,
				CEAC91D31C44E1F900D2CBDB /* NSDate+TomAddition.h */,
				CEAC91D91C44E21300D2CBDB /* NSString+MD5Addition.h */,
				CEAC91DD1C44E2D200D2CBDB /* GCDefines.h */,
				CEAC91DA1C44E21300D2CBDB /* NSString+MD5Addition.m */,
				CEAC91D41C44E1F900D2CBDB /* NSDate+TomAddition.m */,
				CEAC91CF1C44E1AA00D2CBDB /* GCSectionHeaderView.h */,
				CE46F2211C29651800E6874C /* GCMessageDetailView.m */,
				CE46F2221C29651800E6874C /* GCMessageDetailView.xib */,
				CE941C571C23D71900A24768 /* BlockBackground.h */,
				CE941C581C23D71900A24768 /* BlockBackground.m */,
				CE941C5A1C23D92C00A24768 /* BlockAlertView.h */,
				CE941C5B1C23D92C00A24768 /* BlockAlertView.m */,
				CE941C5E1C23DA3900A24768 /* BlockUI_nova.h */,
				CE941C5D1C23D9D000A24768 /* BlockUI.h */,
				CE963A921C1FF6D1009E5A33 /* AppDelegate.h */,
				CE963A931C1FF6D1009E5A33 /* AppDelegate.m */,
				CE963A951C1FF6D1009E5A33 /* ViewController.h */,
				CE963A961C1FF6D1009E5A33 /* ViewController.m */,
				CE963A981C1FF6D1009E5A33 /* Main.storyboard */,
				CE963A9B1C1FF6D1009E5A33 /* Assets.xcassets */,
				CE963A9D1C1FF6D1009E5A33 /* LaunchScreen.storyboard */,
				CE963AA01C1FF6D1009E5A33 /* Info.plist */,
				CE963A8F1C1FF6D1009E5A33 /* Supporting Files */,
				CE963AA81C1FF716009E5A33 /* GCGiftView.h */,
				CE963AA91C1FF716009E5A33 /* GCGiftView.m */,
				CE963AA61C1FF6EE009E5A33 /* GCGiftView.xib */,
				CE963AAB1C1FFEBE009E5A33 /* GCGiftCollectCell.h */,
				CE963AAC1C1FFEBE009E5A33 /* GCGiftCollectCell.m */,
				CE963AAD1C1FFEBE009E5A33 /* GCGiftCollectCell.xib */,
				CE941C5F1C23DC3B00A24768 /* Macros.h */,
				CEA08ADF1C27DE8100342B1D /* TableController.h */,
				CEA08AE01C27DE8100342B1D /* TableController.m */,
				CEA08AE11C27DE8100342B1D /* TableController.xib */,
				CE46F21B1C2964FE00E6874C /* AnimViewController.h */,
				CE46F21C1C2964FE00E6874C /* AnimViewController.m */,
				CE46F21D1C2964FE00E6874C /* AnimViewController.xib */,
				CE8E46031C34F7EF001D79FA /* TestRunLoopVCTL.h */,
				CE8E46041C34F7EF001D79FA /* TestRunLoopVCTL.m */,
				CE8E46051C34F7EF001D79FA /* TestRunLoopVCTL.xib */,
				CE8E46081C34FE38001D79FA /* RunLoopTask.h */,
				CE8E46091C34FE38001D79FA /* RunLoopTask.m */,
				CEB8C0601C3A89640010110E /* UICopyLabel.h */,
				CEB8C0611C3A89640010110E /* UICopyLabel.m */,
				CEA3F7611C3F8758002841D0 /* OCCallJavaScript.h */,
				CEA3F7621C3F8758002841D0 /* OCCallJavaScript.m */,
				CEA3F7641C3F8767002841D0 /* OCCallJavaScript.xib */,
			);
			path = CollectiveView;
			sourceTree = "<group>";
		};
		CE963A8F1C1FF6D1009E5A33 /* Supporting Files */ = {
			isa = PBXGroup;
			children = (
				CE963A901C1FF6D1009E5A33 /* main.m */,
			);
			name = "Supporting Files";
			sourceTree = "<group>";
		};
		CEDA0ADE1C2A9E0B00A25E20 /* CollectiveViewUITests */ = {
			isa = PBXGroup;
			children = (
				CEDA0ADF1C2A9E0C00A25E20 /* CollectiveViewUITests.m */,
				CEDA0AE11C2A9E0C00A25E20 /* Info.plist */,
			);
			path = CollectiveViewUITests;
			sourceTree = "<group>";
		};
/* End PBXGroup section */

/* Begin PBXNativeTarget section */
		CE903E691C3B6D77008D8163 /* CollectiveViewTests */ = {
			isa = PBXNativeTarget;
			buildConfigurationList = CE903E711C3B6D77008D8163 /* Build configuration list for PBXNativeTarget "CollectiveViewTests" */;
			buildPhases = (
				CE903E661C3B6D77008D8163 /* Sources */,
				CE903E671C3B6D77008D8163 /* Frameworks */,
				CE903E681C3B6D77008D8163 /* Resources */,
			);
			buildRules = (
			);
			dependencies = (
				CE903E701C3B6D77008D8163 /* PBXTargetDependency */,
			);
			name = CollectiveViewTests;
			productName = CollectiveViewTests;
			productReference = CE903E6A1C3B6D77008D8163 /* CollectiveViewTests.xctest */;
			productType = "com.apple.product-type.bundle.unit-test";
		};
		CE963A8B1C1FF6D1009E5A33 /* CollectiveView */ = {
			isa = PBXNativeTarget;
			buildConfigurationList = CE963AA31C1FF6D1009E5A33 /* Build configuration list for PBXNativeTarget "CollectiveView" */;
			buildPhases = (
				CE963A881C1FF6D1009E5A33 /* Sources */,
				CE963A891C1FF6D1009E5A33 /* Frameworks */,
				CE963A8A1C1FF6D1009E5A33 /* Resources */,
			);
			buildRules = (
			);
			dependencies = (
			);
			name = CollectiveView;
			productName = CollectiveView;
			productReference = CE963A8C1C1FF6D1009E5A33 /* CollectiveView.app */;
			productType = "com.apple.product-type.application";
		};
		CEDA0ADC1C2A9E0B00A25E20 /* CollectiveViewUITests */ = {
			isa = PBXNativeTarget;
			buildConfigurationList = CEDA0AE61C2A9E0C00A25E20 /* Build configuration list for PBXNativeTarget "CollectiveViewUITests" */;
			buildPhases = (
				CEDA0AD91C2A9E0B00A25E20 /* Sources */,
				CEDA0ADA1C2A9E0B00A25E20 /* Frameworks */,
				CEDA0ADB1C2A9E0B00A25E20 /* Resources */,
			);
			buildRules = (
			);
			dependencies = (
				CEDA0AE31C2A9E0C00A25E20 /* PBXTargetDependency */,
			);
			name = CollectiveViewUITests;
			productName = CollectiveViewUITests;
			productReference = CEDA0ADD1C2A9E0B00A25E20 /* CollectiveViewUITests.xctest */;
			productType = "com.apple.product-type.bundle.ui-testing";
		};
/* End PBXNativeTarget section */

/* Begin PBXProject section */
		CE963A841C1FF6D1009E5A33 /* Project object */ = {
			isa = PBXProject;
			attributes = {
				LastUpgradeCheck = 0710;
				ORGANIZATIONNAME = user;
				TargetAttributes = {
					CE903E691C3B6D77008D8163 = {
						CreatedOnToolsVersion = 7.2;
						TestTargetID = CE963A8B1C1FF6D1009E5A33;
					};
					CE963A8B1C1FF6D1009E5A33 = {
						CreatedOnToolsVersion = 7.1;
					};
					CEDA0ADC1C2A9E0B00A25E20 = {
						CreatedOnToolsVersion = 7.1;
						TestTargetID = CE963A8B1C1FF6D1009E5A33;
					};
				};
			};
			buildConfigurationList = CE963A871C1FF6D1009E5A33 /* Build configuration list for PBXProject "CollectiveView" */;
			compatibilityVersion = "Xcode 3.2";
			developmentRegion = English;
			hasScannedForEncodings = 0;
			knownRegions = (
				en,
				Base,
			);
			mainGroup = CE963A831C1FF6D1009E5A33;
			productRefGroup = CE963A8D1C1FF6D1009E5A33 /* Products */;
			projectDirPath = "";
			projectRoot = "";
			targets = (
				CE963A8B1C1FF6D1009E5A33 /* CollectiveView */,
				CEDA0ADC1C2A9E0B00A25E20 /* CollectiveViewUITests */,
				CE903E691C3B6D77008D8163 /* CollectiveViewTests */,
			);
		};
/* End PBXProject section */

/* Begin PBXResourcesBuildPhase section */
		CE903E681C3B6D77008D8163 /* Resources */ = {
			isa = PBXResourcesBuildPhase;
			buildActionMask = 2147483647;
			files = (
			);
			runOnlyForDeploymentPostprocessing = 0;
		};
		CE963A8A1C1FF6D1009E5A33 /* Resources */ = {
			isa = PBXResourcesBuildPhase;
			buildActionMask = 2147483647;
			files = (
				CE963A9F1C1FF6D1009E5A33 /* LaunchScreen.storyboard in Resources */,
				CE963A9C1C1FF6D1009E5A33 /* Assets.xcassets in Resources */,
				CE963AAF1C1FFEBE009E5A33 /* GCGiftCollectCell.xib in Resources */,
				CE963AA71C1FF6EE009E5A33 /* GCGiftView.xib in Resources */,
				CEAC91CC1C44E06500D2CBDB /* GCBackGroundMusicVCTL.xib in Resources */,
				CEA3F7651C3F8767002841D0 /* OCCallJavaScript.xib in Resources */,
				CEAC91E21C45016B00D2CBDB /* GCQinTingLogView.xib in Resources */,
				CE8B03FC1C4794B400F6AD9F /* SearchTableViewController.xib in Resources */,
				CEA08AE31C27DE8100342B1D /* TableController.xib in Resources */,
				CE8E46071C34F7EF001D79FA /* TestRunLoopVCTL.xib in Resources */,
				CE46F2241C29651800E6874C /* GCMessageDetailView.xib in Resources */,
				CE46F21F1C2964FE00E6874C /* AnimViewController.xib in Resources */,
				CE8B03F71C476E0F00F6AD9F /* SearchVCTLViewController.xib in Resources */,
				CE7EA1511C48F4D800064A6A /* PopUpCell.xib in Resources */,
				CE963A9A1C1FF6D1009E5A33 /* Main.storyboard in Resources */,
				CE7EA1561C48F7A000064A6A /* PopUpTestVCTL.xib in Resources */,
			);
			runOnlyForDeploymentPostprocessing = 0;
		};
		CEDA0ADB1C2A9E0B00A25E20 /* Resources */ = {
			isa = PBXResourcesBuildPhase;
			buildActionMask = 2147483647;
			files = (
			);
			runOnlyForDeploymentPostprocessing = 0;
		};
/* End PBXResourcesBuildPhase section */

/* Begin PBXSourcesBuildPhase section */
		CE903E661C3B6D77008D8163 /* Sources */ = {
			isa = PBXSourcesBuildPhase;
			buildActionMask = 2147483647;
			files = (
				CE903E6D1C3B6D77008D8163 /* CollectiveViewTests.m in Sources */,
			);
			runOnlyForDeploymentPostprocessing = 0;
		};
		CE963A881C1FF6D1009E5A33 /* Sources */ = {
			isa = PBXSourcesBuildPhase;
			buildActionMask = 2147483647;
			files = (
				CEA08AE21C27DE8100342B1D /* TableController.m in Sources */,
				CE963A971C1FF6D1009E5A33 /* ViewController.m in Sources */,
				CE7EA1501C48F4D800064A6A /* PopUpCell.m in Sources */,
				CE963A941C1FF6D1009E5A33 /* AppDelegate.m in Sources */,
				CEAC91CE1C44E1A600D2CBDB /* GCSectionHeaderView.m in Sources */,
				CEB8C0621C3A89640010110E /* UICopyLabel.m in Sources */,
				CE7EA1551C48F7A000064A6A /* PopUpTestVCTL.m in Sources */,
				CE8B03FA1C47924A00F6AD9F /* SearchTableViewController.m in Sources */,
				CE46F21E1C2964FE00E6874C /* AnimViewController.m in Sources */,
				CEAC91DB1C44E21300D2CBDB /* NSString+MD5Addition.m in Sources */,
				CEAC91D81C44E20C00D2CBDB /* NSString+TomAddition.m in Sources */,
				CE963AAE1C1FFEBE009E5A33 /* GCGiftCollectCell.m in Sources */,
				CE7EA14C1C48D4BB00064A6A /* PopUpBoxItem.m in Sources */,
				CE7EA1491C48D2BB00064A6A /* PopUpBox.m in Sources */,
				CEA3F7631C3F8758002841D0 /* OCCallJavaScript.m in Sources */,
				CE8E46061C34F7EF001D79FA /* TestRunLoopVCTL.m in Sources */,
				CEAC91E01C45016100D2CBDB /* GCQinTingLogView.m in Sources */,
				CE46F2231C29651800E6874C /* GCMessageDetailView.m in Sources */,
				CE8B03F61C476E0F00F6AD9F /* SearchVCTLViewController.m in Sources */,
				CEAC91CB1C44E06500D2CBDB /* GCBackGroundMusicVCTL.m in Sources */,
				CEAC91D51C44E1F900D2CBDB /* NSDate+TomAddition.m in Sources */,
				CE941C591C23D71900A24768 /* BlockBackground.m in Sources */,
				CE941C5C1C23D92C00A24768 /* BlockAlertView.m in Sources */,
				CE963AAA1C1FF716009E5A33 /* GCGiftView.m in Sources */,
				CE8E460A1C34FE38001D79FA /* RunLoopTask.m in Sources */,
				CEAC91D21C44E1E400D2CBDB /* Utilities.m in Sources */,
				CE963A911C1FF6D1009E5A33 /* main.m in Sources */,
			);
			runOnlyForDeploymentPostprocessing = 0;
		};
		CEDA0AD91C2A9E0B00A25E20 /* Sources */ = {
			isa = PBXSourcesBuildPhase;
			buildActionMask = 2147483647;
			files = (
				CEDA0AE01C2A9E0C00A25E20 /* CollectiveViewUITests.m in Sources */,
			);
			runOnlyForDeploymentPostprocessing = 0;
		};
/* End PBXSourcesBuildPhase section */

/* Begin PBXTargetDependency section */
		CE903E701C3B6D77008D8163 /* PBXTargetDependency */ = {
			isa = PBXTargetDependency;
			target = CE963A8B1C1FF6D1009E5A33 /* CollectiveView */;
			targetProxy = CE903E6F1C3B6D77008D8163 /* PBXContainerItemProxy */;
		};
		CEDA0AE31C2A9E0C00A25E20 /* PBXTargetDependency */ = {
			isa = PBXTargetDependency;
			target = CE963A8B1C1FF6D1009E5A33 /* CollectiveView */;
			targetProxy = CEDA0AE21C2A9E0C00A25E20 /* PBXContainerItemProxy */;
		};
/* End PBXTargetDependency section */

/* Begin PBXVariantGroup section */
		CE963A981C1FF6D1009E5A33 /* Main.storyboard */ = {
			isa = PBXVariantGroup;
			children = (
				CE963A991C1FF6D1009E5A33 /* Base */,
			);
			name = Main.storyboard;
			sourceTree = "<group>";
		};
		CE963A9D1C1FF6D1009E5A33 /* LaunchScreen.storyboard */ = {
			isa = PBXVariantGroup;
			children = (
				CE963A9E1C1FF6D1009E5A33 /* Base */,
			);
			name = LaunchScreen.storyboard;
			sourceTree = "<group>";
		};
/* End PBXVariantGroup section */

/* Begin XCBuildConfiguration section */
		CE903E721C3B6D77008D8163 /* Debug */ = {
			isa = XCBuildConfiguration;
			buildSettings = {
				BUNDLE_LOADER = "$(TEST_HOST)";
				INFOPLIST_FILE = CollectiveViewTests/Info.plist;
				IPHONEOS_DEPLOYMENT_TARGET = 9.2;
				LD_RUNPATH_SEARCH_PATHS = "$(inherited) @executable_path/Frameworks @loader_path/Frameworks";
				PRODUCT_BUNDLE_IDENTIFIER = com.ruoogle.gamechat;
				PRODUCT_NAME = "$(TARGET_NAME)";
				TEST_HOST = "$(BUILT_PRODUCTS_DIR)/CollectiveView.app/CollectiveView";
			};
			name = Debug;
		};
		CE903E731C3B6D77008D8163 /* Release */ = {
			isa = XCBuildConfiguration;
			buildSettings = {
				BUNDLE_LOADER = "$(TEST_HOST)";
				INFOPLIST_FILE = CollectiveViewTests/Info.plist;
				IPHONEOS_DEPLOYMENT_TARGET = 9.2;
				LD_RUNPATH_SEARCH_PATHS = "$(inherited) @executable_path/Frameworks @loader_path/Frameworks";
				PRODUCT_BUNDLE_IDENTIFIER = com.ruoogle.gamechat;
				PRODUCT_NAME = "$(TARGET_NAME)";
				TEST_HOST = "$(BUILT_PRODUCTS_DIR)/CollectiveView.app/CollectiveView";
			};
			name = Release;
		};
		CE963AA11C1FF6D1009E5A33 /* Debug */ = {
			isa = XCBuildConfiguration;
			buildSettings = {
				ALWAYS_SEARCH_USER_PATHS = NO;
				CLANG_CXX_LANGUAGE_STANDARD = "gnu++0x";
				CLANG_CXX_LIBRARY = "libc++";
				CLANG_ENABLE_MODULES = YES;
				CLANG_ENABLE_OBJC_ARC = YES;
				CLANG_WARN_BOOL_CONVERSION = YES;
				CLANG_WARN_CONSTANT_CONVERSION = YES;
				CLANG_WARN_DIRECT_OBJC_ISA_USAGE = YES_ERROR;
				CLANG_WARN_EMPTY_BODY = YES;
				CLANG_WARN_ENUM_CONVERSION = YES;
				CLANG_WARN_INT_CONVERSION = YES;
				CLANG_WARN_OBJC_ROOT_CLASS = YES_ERROR;
				CLANG_WARN_UNREACHABLE_CODE = YES;
				CLANG_WARN__DUPLICATE_METHOD_MATCH = YES;
				"CODE_SIGN_IDENTITY[sdk=iphoneos*]" = "iPhone Developer";
				COPY_PHASE_STRIP = NO;
				DEBUG_INFORMATION_FORMAT = dwarf;
				ENABLE_STRICT_OBJC_MSGSEND = YES;
				ENABLE_TESTABILITY = YES;
				GCC_C_LANGUAGE_STANDARD = gnu99;
				GCC_DYNAMIC_NO_PIC = NO;
				GCC_NO_COMMON_BLOCKS = YES;
				GCC_OPTIMIZATION_LEVEL = 0;
				GCC_PREPROCESSOR_DEFINITIONS = (
					"DEBUG=1",
					"$(inherited)",
				);
				GCC_WARN_64_TO_32_BIT_CONVERSION = YES;
				GCC_WARN_ABOUT_RETURN_TYPE = YES_ERROR;
				GCC_WARN_UNDECLARED_SELECTOR = YES;
				GCC_WARN_UNINITIALIZED_AUTOS = YES_AGGRESSIVE;
				GCC_WARN_UNUSED_FUNCTION = YES;
				GCC_WARN_UNUSED_VARIABLE = YES;
				IPHONEOS_DEPLOYMENT_TARGET = 9.1;
				MTL_ENABLE_DEBUG_INFO = YES;
				ONLY_ACTIVE_ARCH = YES;
				SDKROOT = iphoneos;
				TARGETED_DEVICE_FAMILY = "1,2";
			};
			name = Debug;
		};
		CE963AA21C1FF6D1009E5A33 /* Release */ = {
			isa = XCBuildConfiguration;
			buildSettings = {
				ALWAYS_SEARCH_USER_PATHS = NO;
				CLANG_CXX_LANGUAGE_STANDARD = "gnu++0x";
				CLANG_CXX_LIBRARY = "libc++";
				CLANG_ENABLE_MODULES = YES;
				CLANG_ENABLE_OBJC_ARC = YES;
				CLANG_WARN_BOOL_CONVERSION = YES;
				CLANG_WARN_CONSTANT_CONVERSION = YES;
				CLANG_WARN_DIRECT_OBJC_ISA_USAGE = YES_ERROR;
				CLANG_WARN_EMPTY_BODY = YES;
				CLANG_WARN_ENUM_CONVERSION = YES;
				CLANG_WARN_INT_CONVERSION = YES;
				CLANG_WARN_OBJC_ROOT_CLASS = YES_ERROR;
				CLANG_WARN_UNREACHABLE_CODE = YES;
				CLANG_WARN__DUPLICATE_METHOD_MATCH = YES;
				"CODE_SIGN_IDENTITY[sdk=iphoneos*]" = "iPhone Developer";
				COPY_PHASE_STRIP = NO;
				DEBUG_INFORMATION_FORMAT = "dwarf-with-dsym";
				ENABLE_NS_ASSERTIONS = NO;
				ENABLE_STRICT_OBJC_MSGSEND = YES;
				GCC_C_LANGUAGE_STANDARD = gnu99;
				GCC_NO_COMMON_BLOCKS = YES;
				GCC_WARN_64_TO_32_BIT_CONVERSION = YES;
				GCC_WARN_ABOUT_RETURN_TYPE = YES_ERROR;
				GCC_WARN_UNDECLARED_SELECTOR = YES;
				GCC_WARN_UNINITIALIZED_AUTOS = YES_AGGRESSIVE;
				GCC_WARN_UNUSED_FUNCTION = YES;
				GCC_WARN_UNUSED_VARIABLE = YES;
				IPHONEOS_DEPLOYMENT_TARGET = 9.1;
				MTL_ENABLE_DEBUG_INFO = NO;
				SDKROOT = iphoneos;
				TARGETED_DEVICE_FAMILY = "1,2";
				VALIDATE_PRODUCT = YES;
			};
			name = Release;
		};
		CE963AA41C1FF6D1009E5A33 /* Debug */ = {
			isa = XCBuildConfiguration;
			buildSettings = {
				ASSETCATALOG_COMPILER_APPICON_NAME = AppIcon;
				CODE_SIGN_IDENTITY = "iPhone Developer: Jianfei Chen (K5H3MEFEEM)";
				EMBED_ASSET_PACKS_IN_PRODUCT_BUNDLE = YES;
				INFOPLIST_FILE = CollectiveView/Info.plist;
				IPHONEOS_DEPLOYMENT_TARGET = 7.1;
				LD_RUNPATH_SEARCH_PATHS = "$(inherited) @executable_path/Frameworks";
				PRODUCT_BUNDLE_IDENTIFIER = com.ruoogle.gamechat;
				PRODUCT_NAME = "$(TARGET_NAME)";
				PROVISIONING_PROFILE = "d2d2ad50-8c44-44fa-8224-792e06ad3144";
				TREAT_MISSING_BASELINES_AS_TEST_FAILURES = YES;
			};
			name = Debug;
		};
		CE963AA51C1FF6D1009E5A33 /* Release */ = {
			isa = XCBuildConfiguration;
			buildSettings = {
				ASSETCATALOG_COMPILER_APPICON_NAME = AppIcon;
				EMBED_ASSET_PACKS_IN_PRODUCT_BUNDLE = YES;
				ENABLE_TESTABILITY = YES;
				INFOPLIST_FILE = CollectiveView/Info.plist;
				IPHONEOS_DEPLOYMENT_TARGET = 7.1;
				LD_RUNPATH_SEARCH_PATHS = "$(inherited) @executable_path/Frameworks";
				PRODUCT_BUNDLE_IDENTIFIER = com.ruoogle.gamechat;
				PRODUCT_NAME = "$(TARGET_NAME)";
				PROVISIONING_PROFILE = "d2d2ad50-8c44-44fa-8224-792e06ad3144";
				TREAT_MISSING_BASELINES_AS_TEST_FAILURES = YES;
			};
			name = Release;
		};
		CEDA0AE41C2A9E0C00A25E20 /* Debug */ = {
			isa = XCBuildConfiguration;
			buildSettings = {
				CODE_SIGN_IDENTITY = "iPhone Developer: Jianfei Chen (K5H3MEFEEM)";
				"CODE_SIGN_IDENTITY[sdk=iphoneos*]" = "iPhone Developer: Jianfei Chen (K5H3MEFEEM)";
				INFOPLIST_FILE = CollectiveViewUITests/Info.plist;
				LD_RUNPATH_SEARCH_PATHS = "$(inherited) @executable_path/Frameworks @loader_path/Frameworks";
				PRODUCT_BUNDLE_IDENTIFIER = com.ruoogle.gamechat;
				PRODUCT_NAME = "$(TARGET_NAME)";
				PROVISIONING_PROFILE = "d2d2ad50-8c44-44fa-8224-792e06ad3144";
				TEST_TARGET_NAME = CollectiveView;
				USES_XCTRUNNER = YES;
			};
			name = Debug;
		};
		CEDA0AE51C2A9E0C00A25E20 /* Release */ = {
			isa = XCBuildConfiguration;
			buildSettings = {
				INFOPLIST_FILE = CollectiveViewUITests/Info.plist;
				LD_RUNPATH_SEARCH_PATHS = "$(inherited) @executable_path/Frameworks @loader_path/Frameworks";
				PRODUCT_BUNDLE_IDENTIFIER = com.ruoogle.gamechat;
				PRODUCT_NAME = "$(TARGET_NAME)";
				PROVISIONING_PROFILE = "d2d2ad50-8c44-44fa-8224-792e06ad3144";
				TEST_TARGET_NAME = CollectiveView;
				USES_XCTRUNNER = YES;
			};
			name = Release;
		};
/* End XCBuildConfiguration section */

/* Begin XCConfigurationList section */
		CE903E711C3B6D77008D8163 /* Build configuration list for PBXNativeTarget "CollectiveViewTests" */ = {
			isa = XCConfigurationList;
			buildConfigurations = (
				CE903E721C3B6D77008D8163 /* Debug */,
				CE903E731C3B6D77008D8163 /* Release */,
			);
			defaultConfigurationIsVisible = 0;
			defaultConfigurationName = Release;
		};
		CE963A871C1FF6D1009E5A33 /* Build configuration list for PBXProject "CollectiveView" */ = {
			isa = XCConfigurationList;
			buildConfigurations = (
				CE963AA11C1FF6D1009E5A33 /* Debug */,
				CE963AA21C1FF6D1009E5A33 /* Release */,
			);
			defaultConfigurationIsVisible = 0;
			defaultConfigurationName = Release;
		};
		CE963AA31C1FF6D1009E5A33 /* Build configuration list for PBXNativeTarget "CollectiveView" */ = {
			isa = XCConfigurationList;
			buildConfigurations = (
				CE963AA41C1FF6D1009E5A33 /* Debug */,
				CE963AA51C1FF6D1009E5A33 /* Release */,
			);
			defaultConfigurationIsVisible = 0;
			defaultConfigurationName = Release;
		};
		CEDA0AE61C2A9E0C00A25E20 /* Build configuration list for PBXNativeTarget "CollectiveViewUITests" */ = {
			isa = XCConfigurationList;
			buildConfigurations = (
				CEDA0AE41C2A9E0C00A25E20 /* Debug */,
				CEDA0AE51C2A9E0C00A25E20 /* Release */,
			);
			defaultConfigurationIsVisible = 0;
			defaultConfigurationName = Release;
		};
/* End XCConfigurationList section */
	};
	rootObject = CE963A841C1FF6D1009E5A33 /* Project object */;
}
